
Microsoft Visual Studio Solution File, Format Version 12.00
# Visual Studio Version 17
VisualStudioVersion = 17.4.33213.308
MinimumVisualStudioVersion = 10.0.40219.1
Project("{8BC9CEB8-8B4A-11D0-8D11-00A0C91BC942}") = "ImGui", "ImGui-VS2022.vcxproj", "{45B74AD6-F26E-439A-A806-E0FD6C78DFF0}"
EndProject
Project("{8BC9CEB8-8B4A-11D0-8D11-00A0C91BC942}") = "Backend Win32", "backends\Backend-Win32.vcxproj", "{84B727C0-AB00-4A07-88D4-F0B0D9B5869B}"
	ProjectSection(ProjectDependencies) = postProject
		{45B74AD6-F26E-439A-A806-E0FD6C78DFF0} = {45B74AD6-F26E-439A-A806-E0FD6C78DFF0}
	EndProjectSection
EndProject
Project("{8BC9CEB8-8B4A-11D0-8D11-00A0C91BC942}") = "Backend DX12", "backends\Backend-DX12.vcxproj", "{51296E41-07BA-4C7D-97D6-E6FB2E1B6C5B}"
	ProjectSection(ProjectDependencies) = postProject
		{45B74AD6-F26E-439A-A806-E0FD6C78DFF0} = {45B74AD6-F26E-439A-A806-E0FD6C78DFF0}
	EndProjectSection
EndProject
Project("{8BC9CEB8-8B4A-11D0-8D11-00A0C91BC942}") = "Example Win32 Directx12", "examples\Example-Win32-Directx12-VS2022.vcxproj", "{C05004F9-93D0-499A-824D-8549C7632D72}"
	ProjectSection(ProjectDependencies) = postProject
		{45B74AD6-F26E-439A-A806-E0FD6C78DFF0} = {45B74AD6-F26E-439A-A806-E0FD6C78DFF0}
		{51296E41-07BA-4C7D-97D6-E6FB2E1B6C5B} = {51296E41-07BA-4C7D-97D6-E6FB2E1B6C5B}
		{84B727C0-AB00-4A07-88D4-F0B0D9B5869B} = {84B727C0-AB00-4A07-88D4-F0B0D9B5869B}
	EndProjectSection
EndProject
Project("{2150E333-8FDC-42A3-9474-1A3956D46DE8}") = "Backends", "Backends", "{86F85FC6-F4BF-4DA6-A407-12C35ACC62CF}"
EndProject
Project("{2150E333-8FDC-42A3-9474-1A3956D46DE8}") = "Examples", "Examples", "{082AED77-F33B-45D9-ACEB-D71FABD6A393}"
EndProject
Project("{8BC9CEB8-8B4A-11D0-8D11-00A0C91BC942}") = "Example Win32 Directx11", "examples\Example-Win32-Directx11-VS2022.vcxproj", "{AED791DD-8A92-42A6-AAE9-90FE8612A2DF}"
	ProjectSection(ProjectDependencies) = postProject
		{45B74AD6-F26E-439A-A806-E0FD6C78DFF0} = {45B74AD6-F26E-439A-A806-E0FD6C78DFF0}
		{4FFA4A74-8AA6-4B0F-8389-662AFB18F518} = {4FFA4A74-8AA6-4B0F-8389-662AFB18F518}
		{84B727C0-AB00-4A07-88D4-F0B0D9B5869B} = {84B727C0-AB00-4A07-88D4-F0B0D9B5869B}
	EndProjectSection
EndProject
Project("{8BC9CEB8-8B4A-11D0-8D11-00A0C91BC942}") = "Backend DX11", "backends\Backend-DX11.vcxproj", "{4FFA4A74-8AA6-4B0F-8389-662AFB18F518}"
	ProjectSection(ProjectDependencies) = postProject
		{45B74AD6-F26E-439A-A806-E0FD6C78DFF0} = {45B74AD6-F26E-439A-A806-E0FD6C78DFF0}
	EndProjectSection
EndProject
Project("{8BC9CEB8-8B4A-11D0-8D11-00A0C91BC942}") = "Example NULL", "examples\Example-NULL.vcxproj", "{B4A86951-09CE-48CA-ADDF-5D6690625F6E}"
	ProjectSection(ProjectDependencies) = postProject
		{45B74AD6-F26E-439A-A806-E0FD6C78DFF0} = {45B74AD6-F26E-439A-A806-E0FD6C78DFF0}
	EndProjectSection
EndProject
Global
	GlobalSection(SolutionConfigurationPlatforms) = preSolution
		Debug|x64 = Debug|x64
		Debug|x86 = Debug|x86
		Release|x64 = Release|x64
		Release|x86 = Release|x86
	EndGlobalSection
	GlobalSection(ProjectConfigurationPlatforms) = postSolution
		{45B74AD6-F26E-439A-A806-E0FD6C78DFF0}.Debug|x64.ActiveCfg = Debug|x64
		{45B74AD6-F26E-439A-A806-E0FD6C78DFF0}.Debug|x64.Build.0 = Debug|x64
		{45B74AD6-F26E-439A-A806-E0FD6C78DFF0}.Debug|x86.ActiveCfg = Debug|Win32
		{45B74AD6-F26E-439A-A806-E0FD6C78DFF0}.Debug|x86.Build.0 = Debug|Win32
		{45B74AD6-F26E-439A-A806-E0FD6C78DFF0}.Release|x64.ActiveCfg = Release|x64
		{45B74AD6-F26E-439A-A806-E0FD6C78DFF0}.Release|x64.Build.0 = Release|x64
		{45B74AD6-F26E-439A-A806-E0FD6C78DFF0}.Release|x86.ActiveCfg = Release|Win32
		{45B74AD6-F26E-439A-A806-E0FD6C78DFF0}.Release|x86.Build.0 = Release|Win32
		{84B727C0-AB00-4A07-88D4-F0B0D9B5869B}.Debug|x64.ActiveCfg = Debug|x64
		{84B727C0-AB00-4A07-88D4-F0B0D9B5869B}.Debug|x64.Build.0 = Debug|x64
		{84B727C0-AB00-4A07-88D4-F0B0D9B5869B}.Debug|x86.ActiveCfg = Debug|Win32
		{84B727C0-AB00-4A07-88D4-F0B0D9B5869B}.Debug|x86.Build.0 = Debug|Win32
		{84B727C0-AB00-4A07-88D4-F0B0D9B5869B}.Release|x64.ActiveCfg = Release|x64
		{84B727C0-AB00-4A07-88D4-F0B0D9B5869B}.Release|x64.Build.0 = Release|x64
		{84B727C0-AB00-4A07-88D4-F0B0D9B5869B}.Release|x86.ActiveCfg = Release|Win32
		{84B727C0-AB00-4A07-88D4-F0B0D9B5869B}.Release|x86.Build.0 = Release|Win32
		{51296E41-07BA-4C7D-97D6-E6FB2E1B6C5B}.Debug|x64.ActiveCfg = Debug|x64
		{51296E41-07BA-4C7D-97D6-E6FB2E1B6C5B}.Debug|x64.Build.0 = Debug|x64
		{51296E41-07BA-4C7D-97D6-E6FB2E1B6C5B}.Debug|x86.ActiveCfg = Debug|Win32
		{51296E41-07BA-4C7D-97D6-E6FB2E1B6C5B}.Debug|x86.Build.0 = Debug|Win32
		{51296E41-07BA-4C7D-97D6-E6FB2E1B6C5B}.Release|x64.ActiveCfg = Release|x64
		{51296E41-07BA-4C7D-97D6-E6FB2E1B6C5B}.Release|x64.Build.0 = Release|x64
		{51296E41-07BA-4C7D-97D6-E6FB2E1B6C5B}.Release|x86.ActiveCfg = Release|Win32
		{51296E41-07BA-4C7D-97D6-E6FB2E1B6C5B}.Release|x86.Build.0 = Release|Win32
		{C05004F9-93D0-499A-824D-8549C7632D72}.Debug|x64.ActiveCfg = Debug|x64
		{C05004F9-93D0-499A-824D-8549C7632D72}.Debug|x64.Build.0 = Debug|x64
		{C05004F9-93D0-499A-824D-8549C7632D72}.Debug|x86.ActiveCfg = Debug|Win32
		{C05004F9-93D0-499A-824D-8549C7632D72}.Debug|x86.Build.0 = Debug|Win32
		{C05004F9-93D0-499A-824D-8549C7632D72}.Release|x64.ActiveCfg = Release|x64
		{C05004F9-93D0-499A-824D-8549C7632D72}.Release|x64.Build.0 = Release|x64
		{C05004F9-93D0-499A-824D-8549C7632D72}.Release|x86.ActiveCfg = Release|Win32
		{C05004F9-93D0-499A-824D-8549C7632D72}.Release|x86.Build.0 = Release|Win32
		{AED791DD-8A92-42A6-AAE9-90FE8612A2DF}.Debug|x64.ActiveCfg = Debug|x64
		{AED791DD-8A92-42A6-AAE9-90FE8612A2DF}.Debug|x64.Build.0 = Debug|x64
		{AED791DD-8A92-42A6-AAE9-90FE8612A2DF}.Debug|x86.ActiveCfg = Debug|Win32
		{AED791DD-8A92-42A6-AAE9-90FE8612A2DF}.Debug|x86.Build.0 = Debug|Win32
		{AED791DD-8A92-42A6-AAE9-90FE8612A2DF}.Release|x64.ActiveCfg = Release|x64
		{AED791DD-8A92-42A6-AAE9-90FE8612A2DF}.Release|x64.Build.0 = Release|x64
		{AED791DD-8A92-42A6-AAE9-90FE8612A2DF}.Release|x86.ActiveCfg = Release|Win32
		{AED791DD-8A92-42A6-AAE9-90FE8612A2DF}.Release|x86.Build.0 = Release|Win32
		{4FFA4A74-8AA6-4B0F-8389-662AFB18F518}.Debug|x64.ActiveCfg = Debug|x64
		{4FFA4A74-8AA6-4B0F-8389-662AFB18F518}.Debug|x64.Build.0 = Debug|x64
		{4FFA4A74-8AA6-4B0F-8389-662AFB18F518}.Debug|x86.ActiveCfg = Debug|Win32
		{4FFA4A74-8AA6-4B0F-8389-662AFB18F518}.Debug|x86.Build.0 = Debug|Win32
		{4FFA4A74-8AA6-4B0F-8389-662AFB18F518}.Release|x64.ActiveCfg = Release|x64
		{4FFA4A74-8AA6-4B0F-8389-662AFB18F518}.Release|x64.Build.0 = Release|x64
		{4FFA4A74-8AA6-4B0F-8389-662AFB18F518}.Release|x86.ActiveCfg = Release|Win32
		{4FFA4A74-8AA6-4B0F-8389-662AFB18F518}.Release|x86.Build.0 = Release|Win32
		{B4A86951-09CE-48CA-ADDF-5D6690625F6E}.Debug|x64.ActiveCfg = Debug|x64
		{B4A86951-09CE-48CA-ADDF-5D6690625F6E}.Debug|x64.Build.0 = Debug|x64
		{B4A86951-09CE-48CA-ADDF-5D6690625F6E}.Debug|x86.ActiveCfg = Debug|Win32
		{B4A86951-09CE-48CA-ADDF-5D6690625F6E}.Debug|x86.Build.0 = Debug|Win32
		{B4A86951-09CE-48CA-ADDF-5D6690625F6E}.Release|x64.ActiveCfg = Release|x64
		{B4A86951-09CE-48CA-ADDF-5D6690625F6E}.Release|x64.Build.0 = Release|x64
		{B4A86951-09CE-48CA-ADDF-5D6690625F6E}.Release|x86.ActiveCfg = Release|Win32
		{B4A86951-09CE-48CA-ADDF-5D6690625F6E}.Release|x86.Build.0 = Release|Win32
	EndGlobalSection
	GlobalSection(SolutionProperties) = preSolution
		HideSolutionNode = FALSE
	EndGlobalSection
	GlobalSection(NestedProjects) = preSolution
		{84B727C0-AB00-4A07-88D4-F0B0D9B5869B} = {86F85FC6-F4BF-4DA6-A407-12C35ACC62CF}
		{51296E41-07BA-4C7D-97D6-E6FB2E1B6C5B} = {86F85FC6-F4BF-4DA6-A407-12C35ACC62CF}
		{C05004F9-93D0-499A-824D-8549C7632D72} = {082AED77-F33B-45D9-ACEB-D71FABD6A393}
		{AED791DD-8A92-42A6-AAE9-90FE8612A2DF} = {082AED77-F33B-45D9-ACEB-D71FABD6A393}
		{4FFA4A74-8AA6-4B0F-8389-662AFB18F518} = {86F85FC6-F4BF-4DA6-A407-12C35ACC62CF}
		{B4A86951-09CE-48CA-ADDF-5D6690625F6E} = {082AED77-F33B-45D9-ACEB-D71FABD6A393}
	EndGlobalSection
	GlobalSection(ExtensibilityGlobals) = postSolution
		SolutionGuid = {616CB1F3-4EDC-402E-B7C8-E152AB04603C}
	EndGlobalSection
EndGlobal
